
Microsoft Visual Studio Solution File, Format Version 12.00
# Visual Studio Version 17
VisualStudioVersion = 17.13.35825.156 d17.13
MinimumVisualStudioVersion = 10.0.40219.1
Project("{FAE04EC0-301F-11D3-BF4B-00C04F79EFBC}") = "LeaningApp", "LeaningApp\LeaningApp.csproj", "{9E7202C1-D6CE-420B-B15D-A1F201276354}"
EndProject
Global
	GlobalSection(SolutionConfigurationPlatforms) = preSolution
		Debug|Any CPU = Debug|Any CPU
		Release|Any CPU = Release|Any CPU
	EndGlobalSection
	GlobalSection(ProjectConfigurationPlatforms) = postSolution
		{9E7202C1-D6CE-420B-B15D-A1F201276354}.Debug|Any CPU.ActiveCfg = Debug|Any CPU
		{9E7202C1-D6CE-420B-B15D-A1F201276354}.Debug|Any CPU.Build.0 = Debug|Any CPU
		{9E7202C1-D6CE-420B-B15D-A1F201276354}.Release|Any CPU.ActiveCfg = Release|Any CPU
		{9E7202C1-D6CE-420B-B15D-A1F201276354}.Release|Any CPU.Build.0 = Release|Any CPU
	EndGlobalSection
	GlobalSection(SolutionProperties) = preSolution
		HideSolutionNode = FALSE
	EndGlobalSection
	GlobalSection(ExtensibilityGlobals) = postSolution
		SolutionGuid = {7B91475B-47E6-4B23-9BD2-1AB2BEBB108A}
	EndGlobalSection
EndGlobal
